
Microsoft Visual Studio Solution File, Format Version 11.00
# Visual Studio 2010
Project("{FAE04EC0-301F-11D3-BF4B-00C04F79EFBC}") = "LightBridge", "LightBridge\LightBridge.csproj", "{CA4FDD16-D512-4D12-A140-A506B19AEB41}"
EndProject
Project("{FAE04EC0-301F-11D3-BF4B-00C04F79EFBC}") = "TestProject1", "TestProject1\TestProject1.csproj", "{33915A54-FEA3-4EA5-8562-A4D2AEF90956}"
EndProject
Project("{2150E333-8FDC-42A3-9474-1A3956D46DE8}") = "Solution Items", "Solution Items", "{EB8F8F81-1C5F-4B43-8888-74A05711335C}"
	ProjectSection(SolutionItems) = preProject
		LightBridge.vsmdi = LightBridge.vsmdi
		Local.testsettings = Local.testsettings
		TraceAndTestImpact.testsettings = TraceAndTestImpact.testsettings
	EndProjectSection
EndProject
Project("{2150E333-8FDC-42A3-9474-1A3956D46DE8}") = ".nuget", ".nuget", "{7E4B1D56-01F3-4512-A79A-08E92F177F84}"
	ProjectSection(SolutionItems) = preProject
		.nuget\NuGet.exe = .nuget\NuGet.exe
		.nuget\NuGet.targets = .nuget\NuGet.targets
	EndProjectSection
EndProject
Global
	GlobalSection(TestCaseManagementSettings) = postSolution
		CategoryFile = LightBridge.vsmdi
	EndGlobalSection
	GlobalSection(SolutionConfigurationPlatforms) = preSolution
		Debug|Any CPU = Debug|Any CPU
		Debug|Mixed Platforms = Debug|Mixed Platforms
		Debug|x86 = Debug|x86
		Release|Any CPU = Release|Any CPU
		Release|Mixed Platforms = Release|Mixed Platforms
		Release|x86 = Release|x86
	EndGlobalSection
	GlobalSection(ProjectConfigurationPlatforms) = postSolution
		{CA4FDD16-D512-4D12-A140-A506B19AEB41}.Debug|Any CPU.ActiveCfg = Debug|x86
		{CA4FDD16-D512-4D12-A140-A506B19AEB41}.Debug|Mixed Platforms.ActiveCfg = Debug|x86
		{CA4FDD16-D512-4D12-A140-A506B19AEB41}.Debug|Mixed Platforms.Build.0 = Debug|x86
		{CA4FDD16-D512-4D12-A140-A506B19AEB41}.Debug|x86.ActiveCfg = Debug|x86
		{CA4FDD16-D512-4D12-A140-A506B19AEB41}.Debug|x86.Build.0 = Debug|x86
		{CA4FDD16-D512-4D12-A140-A506B19AEB41}.Release|Any CPU.ActiveCfg = Release|x86
		{CA4FDD16-D512-4D12-A140-A506B19AEB41}.Release|Mixed Platforms.ActiveCfg = Release|x86
		{CA4FDD16-D512-4D12-A140-A506B19AEB41}.Release|Mixed Platforms.Build.0 = Release|x86
		{CA4FDD16-D512-4D12-A140-A506B19AEB41}.Release|x86.ActiveCfg = Release|x86
		{CA4FDD16-D512-4D12-A140-A506B19AEB41}.Release|x86.Build.0 = Release|x86
		{33915A54-FEA3-4EA5-8562-A4D2AEF90956}.Debug|Any CPU.ActiveCfg = Debug|Any CPU
		{33915A54-FEA3-4EA5-8562-A4D2AEF90956}.Debug|Any CPU.Build.0 = Debug|Any CPU
		{33915A54-FEA3-4EA5-8562-A4D2AEF90956}.Debug|Mixed Platforms.ActiveCfg = Debug|Any CPU
		{33915A54-FEA3-4EA5-8562-A4D2AEF90956}.Debug|Mixed Platforms.Build.0 = Debug|Any CPU
		{33915A54-FEA3-4EA5-8562-A4D2AEF90956}.Debug|x86.ActiveCfg = Debug|Any CPU
		{33915A54-FEA3-4EA5-8562-A4D2AEF90956}.Release|Any CPU.ActiveCfg = Release|Any CPU
		{33915A54-FEA3-4EA5-8562-A4D2AEF90956}.Release|Any CPU.Build.0 = Release|Any CPU
		{33915A54-FEA3-4EA5-8562-A4D2AEF90956}.Release|Mixed Platforms.ActiveCfg = Release|Any CPU
		{33915A54-FEA3-4EA5-8562-A4D2AEF90956}.Release|Mixed Platforms.Build.0 = Release|Any CPU
		{33915A54-FEA3-4EA5-8562-A4D2AEF90956}.Release|x86.ActiveCfg = Release|Any CPU
	EndGlobalSection
	GlobalSection(SolutionProperties) = preSolution
		HideSolutionNode = FALSE
	EndGlobalSection
EndGlobal
